
Microsoft Visual Studio Solution File, Format Version 12.00
# Visual Studio Version 17
VisualStudioVersion = 17.7.34024.191
MinimumVisualStudioVersion = 10.0.40219.1
Project("{FAE04EC0-301F-11D3-BF4B-00C04F79EFBC}") = "APMCounter", "APMCounter\APMCounter.csproj", "{5FCE04DB-19FC-4FDC-9404-4CD50E83B1E7}"
EndProject
Global
	GlobalSection(SolutionConfigurationPlatforms) = preSolution
		Debug|Any CPU = Debug|Any CPU
		Release|Any CPU = Release|Any CPU
	EndGlobalSection
	GlobalSection(ProjectConfigurationPlatforms) = postSolution
		{5FCE04DB-19FC-4FDC-9404-4CD50E83B1E7}.Debug|Any CPU.ActiveCfg = Debug|Any CPU
		{5FCE04DB-19FC-4FDC-9404-4CD50E83B1E7}.Debug|Any CPU.Build.0 = Debug|Any CPU
		{5FCE04DB-19FC-4FDC-9404-4CD50E83B1E7}.Release|Any CPU.ActiveCfg = Release|Any CPU
		{5FCE04DB-19FC-4FDC-9404-4CD50E83B1E7}.Release|Any CPU.Build.0 = Release|Any CPU
	EndGlobalSection
	GlobalSection(SolutionProperties) = preSolution
		HideSolutionNode = FALSE
	EndGlobalSection
	GlobalSection(ExtensibilityGlobals) = postSolution
		SolutionGuid = {101EBE1E-A5C5-4DE3-98B0-47853900F0A0}
	EndGlobalSection
EndGlobal
